
Microsoft Visual Studio Solution File, Format Version 12.00
# Visual Studio Version 17
VisualStudioVersion = 17.7.34202.233
MinimumVisualStudioVersion = 10.0.40219.1
Project("{888888A0-9F3D-457C-B088-3A5042F75D52}") = "WPFExample", "WPFExample.pyproj", "{578F849F-EAA4-4ACB-B2C7-DCDA9699B2C8}"
EndProject
Global
	GlobalSection(SolutionConfigurationPlatforms) = preSolution
		Debug|Any CPU = Debug|Any CPU
		Release|Any CPU = Release|Any CPU
	EndGlobalSection
	GlobalSection(ProjectConfigurationPlatforms) = postSolution
		{578F849F-EAA4-4ACB-B2C7-DCDA9699B2C8}.Debug|Any CPU.ActiveCfg = Debug|Any CPU
		{578F849F-EAA4-4ACB-B2C7-DCDA9699B2C8}.Release|Any CPU.ActiveCfg = Release|Any CPU
	EndGlobalSection
	GlobalSection(SolutionProperties) = preSolution
		HideSolutionNode = FALSE
	EndGlobalSection
	GlobalSection(ExtensibilityGlobals) = postSolution
		SolutionGuid = {68C841EA-C86D-404F-8B63-90B27A06460C}
	EndGlobalSection
EndGlobal
